Microsoft Visual Studio Solution File, Format Version 11.00
# Visual Studio 2008

Project("{37323780-191D-51A3-3D29-5AC10FB98F06}") = "Momentum", "Assembly-CSharp-firstpass.csproj", "{56AECC56-5751-E9C4-D434-B2E8DF650EDB}"
EndProject
Project("{37323780-191D-51A3-3D29-5AC10FB98F06}") = "Momentum", "Assembly-CSharp.csproj", "{16EDFE6F-7AAA-B52D-FB94-630230AA9497}"
EndProject
Project("{37323780-191D-51A3-3D29-5AC10FB98F06}") = "Momentum", "Assembly-CSharp-Editor.csproj", "{A4FF4B42-40E0-9BCE-6330-D5884F06A355}"
EndProject
Global
	GlobalSection(SolutionConfigurationPlatforms) = preSolution
		Debug|Any CPU = Debug|Any CPU
		Release|Any CPU = Release|Any CPU
	EndGlobalSection
	GlobalSection(ProjectConfigurationPlatforms) = postSolution
		{56AECC56-5751-E9C4-D434-B2E8DF650EDB}.Debug|Any CPU.ActiveCfg = Debug|Any CPU
		{56AECC56-5751-E9C4-D434-B2E8DF650EDB}.Debug|Any CPU.Build.0 = Debug|Any CPU
		{56AECC56-5751-E9C4-D434-B2E8DF650EDB}.Release|Any CPU.ActiveCfg = Release|Any CPU
		{56AECC56-5751-E9C4-D434-B2E8DF650EDB}.Release|Any CPU.Build.0 = Release|Any CPU
		{16EDFE6F-7AAA-B52D-FB94-630230AA9497}.Debug|Any CPU.ActiveCfg = Debug|Any CPU
		{16EDFE6F-7AAA-B52D-FB94-630230AA9497}.Debug|Any CPU.Build.0 = Debug|Any CPU
		{16EDFE6F-7AAA-B52D-FB94-630230AA9497}.Release|Any CPU.ActiveCfg = Release|Any CPU
		{16EDFE6F-7AAA-B52D-FB94-630230AA9497}.Release|Any CPU.Build.0 = Release|Any CPU
		{A4FF4B42-40E0-9BCE-6330-D5884F06A355}.Debug|Any CPU.ActiveCfg = Debug|Any CPU
		{A4FF4B42-40E0-9BCE-6330-D5884F06A355}.Debug|Any CPU.Build.0 = Debug|Any CPU
		{A4FF4B42-40E0-9BCE-6330-D5884F06A355}.Release|Any CPU.ActiveCfg = Release|Any CPU
		{A4FF4B42-40E0-9BCE-6330-D5884F06A355}.Release|Any CPU.Build.0 = Release|Any CPU
	EndGlobalSection
	GlobalSection(SolutionProperties) = preSolution
		HideSolutionNode = FALSE
	EndGlobalSection
	GlobalSection(MonoDevelopProperties) = preSolution
		StartupItem = Assembly-CSharp.csproj
	EndGlobalSection
EndGlobal
