
Microsoft Visual Studio Solution File, Format Version 12.00
# Visual Studio 2015
Project("{FAE04EC0-301F-11D3-BF4B-00C04F79EFBC}") = "Levels.CSharp.Plugins", "Levels.CSharp.Plugins.csproj", "{E4C707D7-5CB8-4E92-9E22-283D53FD3ACE}"
EndProject
Project("{FAE04EC0-301F-11D3-BF4B-00C04F79EFBC}") = "Levels.CSharp", "Levels.CSharp.csproj", "{EBB89527-4E04-2A2B-56FB-35390AFB17B5}"
EndProject
Project("{FAE04EC0-301F-11D3-BF4B-00C04F79EFBC}") = "Levels.CSharp.Editor", "Levels.CSharp.Editor.csproj", "{2EC01609-AAF6-EB47-9088-594A95EDB5F8}"
EndProject
Global
	GlobalSection(SolutionConfigurationPlatforms) = preSolution
		Debug|Any CPU = Debug|Any CPU
		Release|Any CPU = Release|Any CPU
	EndGlobalSection
	GlobalSection(ProjectConfigurationPlatforms) = postSolution
		{E4C707D7-5CB8-4E92-9E22-283D53FD3ACE}.Debug|Any CPU.ActiveCfg = Debug|Any CPU
		{E4C707D7-5CB8-4E92-9E22-283D53FD3ACE}.Debug|Any CPU.Build.0 = Debug|Any CPU
		{E4C707D7-5CB8-4E92-9E22-283D53FD3ACE}.Release|Any CPU.ActiveCfg = Release|Any CPU
		{E4C707D7-5CB8-4E92-9E22-283D53FD3ACE}.Release|Any CPU.Build.0 = Release|Any CPU
		{EBB89527-4E04-2A2B-56FB-35390AFB17B5}.Debug|Any CPU.ActiveCfg = Debug|Any CPU
		{EBB89527-4E04-2A2B-56FB-35390AFB17B5}.Debug|Any CPU.Build.0 = Debug|Any CPU
		{EBB89527-4E04-2A2B-56FB-35390AFB17B5}.Release|Any CPU.ActiveCfg = Release|Any CPU
		{EBB89527-4E04-2A2B-56FB-35390AFB17B5}.Release|Any CPU.Build.0 = Release|Any CPU
		{2EC01609-AAF6-EB47-9088-594A95EDB5F8}.Debug|Any CPU.ActiveCfg = Debug|Any CPU
		{2EC01609-AAF6-EB47-9088-594A95EDB5F8}.Debug|Any CPU.Build.0 = Debug|Any CPU
		{2EC01609-AAF6-EB47-9088-594A95EDB5F8}.Release|Any CPU.ActiveCfg = Release|Any CPU
		{2EC01609-AAF6-EB47-9088-594A95EDB5F8}.Release|Any CPU.Build.0 = Release|Any CPU
	EndGlobalSection
	GlobalSection(SolutionProperties) = preSolution
		HideSolutionNode = FALSE
	EndGlobalSection
EndGlobal
